
Microsoft Visual Studio Solution File, Format Version 12.00
# Visual Studio 15
Project("{FAE04EC0-301F-11D3-BF4B-00C04F79EFBC}") = "Assembly-CSharp", "Assembly-CSharp.csproj", "{8F417021-3869-7D1E-8B9D-E1724AD3BC55}"
EndProject
Project("{FAE04EC0-301F-11D3-BF4B-00C04F79EFBC}") = "Assembly-CSharp-Editor", "Assembly-CSharp-Editor.csproj", "{4C9FD161-8B71-B527-C1DD-D042A8DE181E}"
EndProject
Global
	GlobalSection(SolutionConfigurationPlatforms) = preSolution
		Debug|Any CPU = Debug|Any CPU
		Release|Any CPU = Release|Any CPU
	EndGlobalSection
	GlobalSection(ProjectConfigurationPlatforms) = postSolution
		{8F417021-3869-7D1E-8B9D-E1724AD3BC55}.Debug|Any CPU.ActiveCfg = Debug|Any CPU
		{8F417021-3869-7D1E-8B9D-E1724AD3BC55}.Debug|Any CPU.Build.0 = Debug|Any CPU
		{8F417021-3869-7D1E-8B9D-E1724AD3BC55}.Release|Any CPU.ActiveCfg = Release|Any CPU
		{8F417021-3869-7D1E-8B9D-E1724AD3BC55}.Release|Any CPU.Build.0 = Release|Any CPU
		{4C9FD161-8B71-B527-C1DD-D042A8DE181E}.Debug|Any CPU.ActiveCfg = Debug|Any CPU
		{4C9FD161-8B71-B527-C1DD-D042A8DE181E}.Debug|Any CPU.Build.0 = Debug|Any CPU
		{4C9FD161-8B71-B527-C1DD-D042A8DE181E}.Release|Any CPU.ActiveCfg = Release|Any CPU
		{4C9FD161-8B71-B527-C1DD-D042A8DE181E}.Release|Any CPU.Build.0 = Release|Any CPU
	EndGlobalSection
	GlobalSection(SolutionProperties) = preSolution
		HideSolutionNode = FALSE
	EndGlobalSection
EndGlobal
